
Microsoft Visual Studio Solution File, Format Version 11.00
# Visual Studio 2010
Project("{FAE04EC0-301F-11D3-BF4B-00C04F79EFBC}") = "Logistica.Web", "Logistica.Web\Logistica.Web.csproj", "{1807C927-8672-428E-AA0F-6FC634810428}"
EndProject
Project("{2150E333-8FDC-42A3-9474-1A3956D46DE8}") = "Presentacion", "Presentacion", "{1C67CD30-FEA2-4DE3-A4B5-2B95FDB8FA1A}"
EndProject
Project("{2150E333-8FDC-42A3-9474-1A3956D46DE8}") = "Test", "Test", "{16D7FF20-3E1B-45F6-9A6E-EF97FEE8E08A}"
EndProject
Project("{2150E333-8FDC-42A3-9474-1A3956D46DE8}") = "Dominio", "Dominio", "{54ACA0B8-ED8A-42BE-9B27-21DAC8992361}"
EndProject
Project("{FAE04EC0-301F-11D3-BF4B-00C04F79EFBC}") = "Logistica.Web.Unit.Test", "Logistica.Web.Unit.Test\Logistica.Web.Unit.Test.csproj", "{473173E7-B85F-4620-9EED-4BB48CC805B3}"
EndProject
Project("{FAE04EC0-301F-11D3-BF4B-00C04F79EFBC}") = "Logistica.Dominio", "Logistica.Dominio\Logistica.Dominio.csproj", "{DCE7760B-AE62-430A-8930-7863FE5B5F0A}"
EndProject
Project("{2150E333-8FDC-42A3-9474-1A3956D46DE8}") = "Servicios", "Servicios", "{B4B57BC8-04F2-43E0-9076-CCBEB2256134}"
EndProject
Project("{FAE04EC0-301F-11D3-BF4B-00C04F79EFBC}") = "Logistica.Servicio", "Logistica.Servicio\Logistica.Servicio.csproj", "{9CD6ACF9-DAC1-42D8-BF5D-3DF5E7F55575}"
EndProject
Project("{2150E333-8FDC-42A3-9474-1A3956D46DE8}") = "Persistencia", "Persistencia", "{2CEBD0ED-F776-4A6C-A49C-1E769D0603CA}"
EndProject
Project("{FAE04EC0-301F-11D3-BF4B-00C04F79EFBC}") = "Logistica.NHibernate", "Logistica.NHibernate\Logistica.NHibernate.csproj", "{0A9FD872-EDD1-488A-9644-51161D30D983}"
EndProject
Project("{2150E333-8FDC-42A3-9474-1A3956D46DE8}") = "Infraestructura", "Infraestructura", "{F1C271F4-3009-4CE4-9F25-C49C31184F2B}"
EndProject
Project("{FAE04EC0-301F-11D3-BF4B-00C04F79EFBC}") = "Logistica.Infraestructura", "Logistica.Infraestructura\Logistica.Infraestructura.csproj", "{ADB9A3CD-570B-4E67-B516-4ABA7853294E}"
EndProject
Project("{FAE04EC0-301F-11D3-BF4B-00C04F79EFBC}") = "Logistica.Servicio.Unit.Test", "Logistica.Servicio.Unit.Test\Logistica.Servicio.Unit.Test.csproj", "{FBC1DB5B-CF35-4EE6-AF1D-B8756949D68E}"
EndProject
Project("{2150E333-8FDC-42A3-9474-1A3956D46DE8}") = "Unitarios", "Unitarios", "{D3BC6127-DED5-49AA-B066-141F5D027D2F}"
EndProject
Project("{2150E333-8FDC-42A3-9474-1A3956D46DE8}") = "Integracion", "Integracion", "{4B6A9C4E-E7E2-41D7-8388-CDA1C79D4EB5}"
EndProject
Project("{FAE04EC0-301F-11D3-BF4B-00C04F79EFBC}") = "Logistica.Servicio.Integracion.Test", "Logistica.Servicio.Integracion.Test\Logistica.Servicio.Integracion.Test.csproj", "{971EECF4-3EC0-4EDF-BACA-0575B5117551}"
EndProject
Project("{FAE04EC0-301F-11D3-BF4B-00C04F79EFBC}") = "Logistica.NHibernate.Integracion.Test", "Logistica.NHibernate.Integracion.Test\Logistica.NHibernate.Integracion.Test.csproj", "{E852030C-F279-446D-BD5C-CE4ADDB92B09}"
EndProject
Global
	GlobalSection(SolutionConfigurationPlatforms) = preSolution
		Debug|Any CPU = Debug|Any CPU
		Release|Any CPU = Release|Any CPU
	EndGlobalSection
	GlobalSection(ProjectConfigurationPlatforms) = postSolution
		{1807C927-8672-428E-AA0F-6FC634810428}.Debug|Any CPU.ActiveCfg = Debug|Any CPU
		{1807C927-8672-428E-AA0F-6FC634810428}.Debug|Any CPU.Build.0 = Debug|Any CPU
		{1807C927-8672-428E-AA0F-6FC634810428}.Release|Any CPU.ActiveCfg = Release|Any CPU
		{1807C927-8672-428E-AA0F-6FC634810428}.Release|Any CPU.Build.0 = Release|Any CPU
		{473173E7-B85F-4620-9EED-4BB48CC805B3}.Debug|Any CPU.ActiveCfg = Debug|Any CPU
		{473173E7-B85F-4620-9EED-4BB48CC805B3}.Debug|Any CPU.Build.0 = Debug|Any CPU
		{473173E7-B85F-4620-9EED-4BB48CC805B3}.Release|Any CPU.ActiveCfg = Release|Any CPU
		{473173E7-B85F-4620-9EED-4BB48CC805B3}.Release|Any CPU.Build.0 = Release|Any CPU
		{DCE7760B-AE62-430A-8930-7863FE5B5F0A}.Debug|Any CPU.ActiveCfg = Debug|Any CPU
		{DCE7760B-AE62-430A-8930-7863FE5B5F0A}.Debug|Any CPU.Build.0 = Debug|Any CPU
		{DCE7760B-AE62-430A-8930-7863FE5B5F0A}.Release|Any CPU.ActiveCfg = Release|Any CPU
		{DCE7760B-AE62-430A-8930-7863FE5B5F0A}.Release|Any CPU.Build.0 = Release|Any CPU
		{9CD6ACF9-DAC1-42D8-BF5D-3DF5E7F55575}.Debug|Any CPU.ActiveCfg = Debug|Any CPU
		{9CD6ACF9-DAC1-42D8-BF5D-3DF5E7F55575}.Debug|Any CPU.Build.0 = Debug|Any CPU
		{9CD6ACF9-DAC1-42D8-BF5D-3DF5E7F55575}.Release|Any CPU.ActiveCfg = Release|Any CPU
		{9CD6ACF9-DAC1-42D8-BF5D-3DF5E7F55575}.Release|Any CPU.Build.0 = Release|Any CPU
		{0A9FD872-EDD1-488A-9644-51161D30D983}.Debug|Any CPU.ActiveCfg = Debug|Any CPU
		{0A9FD872-EDD1-488A-9644-51161D30D983}.Debug|Any CPU.Build.0 = Debug|Any CPU
		{0A9FD872-EDD1-488A-9644-51161D30D983}.Release|Any CPU.ActiveCfg = Release|Any CPU
		{0A9FD872-EDD1-488A-9644-51161D30D983}.Release|Any CPU.Build.0 = Release|Any CPU
		{ADB9A3CD-570B-4E67-B516-4ABA7853294E}.Debug|Any CPU.ActiveCfg = Debug|Any CPU
		{ADB9A3CD-570B-4E67-B516-4ABA7853294E}.Debug|Any CPU.Build.0 = Debug|Any CPU
		{ADB9A3CD-570B-4E67-B516-4ABA7853294E}.Release|Any CPU.ActiveCfg = Release|Any CPU
		{ADB9A3CD-570B-4E67-B516-4ABA7853294E}.Release|Any CPU.Build.0 = Release|Any CPU
		{FBC1DB5B-CF35-4EE6-AF1D-B8756949D68E}.Debug|Any CPU.ActiveCfg = Debug|Any CPU
		{FBC1DB5B-CF35-4EE6-AF1D-B8756949D68E}.Debug|Any CPU.Build.0 = Debug|Any CPU
		{FBC1DB5B-CF35-4EE6-AF1D-B8756949D68E}.Release|Any CPU.ActiveCfg = Release|Any CPU
		{FBC1DB5B-CF35-4EE6-AF1D-B8756949D68E}.Release|Any CPU.Build.0 = Release|Any CPU
		{971EECF4-3EC0-4EDF-BACA-0575B5117551}.Debug|Any CPU.ActiveCfg = Debug|Any CPU
		{971EECF4-3EC0-4EDF-BACA-0575B5117551}.Debug|Any CPU.Build.0 = Debug|Any CPU
		{971EECF4-3EC0-4EDF-BACA-0575B5117551}.Release|Any CPU.ActiveCfg = Release|Any CPU
		{971EECF4-3EC0-4EDF-BACA-0575B5117551}.Release|Any CPU.Build.0 = Release|Any CPU
		{E852030C-F279-446D-BD5C-CE4ADDB92B09}.Debug|Any CPU.ActiveCfg = Debug|Any CPU
		{E852030C-F279-446D-BD5C-CE4ADDB92B09}.Debug|Any CPU.Build.0 = Debug|Any CPU
		{E852030C-F279-446D-BD5C-CE4ADDB92B09}.Release|Any CPU.ActiveCfg = Release|Any CPU
		{E852030C-F279-446D-BD5C-CE4ADDB92B09}.Release|Any CPU.Build.0 = Release|Any CPU
	EndGlobalSection
	GlobalSection(SolutionProperties) = preSolution
		HideSolutionNode = FALSE
	EndGlobalSection
	GlobalSection(NestedProjects) = preSolution
		{1807C927-8672-428E-AA0F-6FC634810428} = {1C67CD30-FEA2-4DE3-A4B5-2B95FDB8FA1A}
		{D3BC6127-DED5-49AA-B066-141F5D027D2F} = {16D7FF20-3E1B-45F6-9A6E-EF97FEE8E08A}
		{4B6A9C4E-E7E2-41D7-8388-CDA1C79D4EB5} = {16D7FF20-3E1B-45F6-9A6E-EF97FEE8E08A}
		{DCE7760B-AE62-430A-8930-7863FE5B5F0A} = {54ACA0B8-ED8A-42BE-9B27-21DAC8992361}
		{9CD6ACF9-DAC1-42D8-BF5D-3DF5E7F55575} = {B4B57BC8-04F2-43E0-9076-CCBEB2256134}
		{0A9FD872-EDD1-488A-9644-51161D30D983} = {2CEBD0ED-F776-4A6C-A49C-1E769D0603CA}
		{ADB9A3CD-570B-4E67-B516-4ABA7853294E} = {F1C271F4-3009-4CE4-9F25-C49C31184F2B}
		{FBC1DB5B-CF35-4EE6-AF1D-B8756949D68E} = {D3BC6127-DED5-49AA-B066-141F5D027D2F}
		{473173E7-B85F-4620-9EED-4BB48CC805B3} = {D3BC6127-DED5-49AA-B066-141F5D027D2F}
		{971EECF4-3EC0-4EDF-BACA-0575B5117551} = {4B6A9C4E-E7E2-41D7-8388-CDA1C79D4EB5}
		{E852030C-F279-446D-BD5C-CE4ADDB92B09} = {4B6A9C4E-E7E2-41D7-8388-CDA1C79D4EB5}
	EndGlobalSection
EndGlobal
